
Microsoft Visual Studio Solution File, Format Version 12.00
# Visual Studio Version 17
VisualStudioVersion = 17.14.36221.1 d17.14
MinimumVisualStudioVersion = 10.0.40219.1
Project("{8BC9CEB8-8B4A-11D0-8D11-00A0C91BC942}") = "G-Code Input and Formatting Utility", "G-Code Input and Formatting Utility\G-Code Input and Formatting Utility.vcxitems", "{C9582B63-3A69-4388-98BC-74FE5F8FF8BA}"
EndProject
Global
	GlobalSection(SolutionProperties) = preSolution
		HideSolutionNode = FALSE
	EndGlobalSection
	GlobalSection(ExtensibilityGlobals) = postSolution
		SolutionGuid = {A660688B-3FE0-4A15-8B08-BB190218308D}
	EndGlobalSection
EndGlobal
